
Microsoft Visual Studio Solution File, Format Version 12.00
# Visual Studio Version 17
VisualStudioVersion = 17.7.34221.43
MinimumVisualStudioVersion = 10.0.40219.1
Project("{FAE04EC0-301F-11D3-BF4B-00C04F79EFBC}") = "GundamStoreWebApp", "GundamStoreWebApp\GundamStoreWebApp.csproj", "{1BF116B7-0BE8-4344-8072-D2681E7FFDF0}"
EndProject
Global
	GlobalSection(SolutionConfigurationPlatforms) = preSolution
		Debug|Any CPU = Debug|Any CPU
		Release|Any CPU = Release|Any CPU
	EndGlobalSection
	GlobalSection(ProjectConfigurationPlatforms) = postSolution
		{1BF116B7-0BE8-4344-8072-D2681E7FFDF0}.Debug|Any CPU.ActiveCfg = Debug|Any CPU
		{1BF116B7-0BE8-4344-8072-D2681E7FFDF0}.Debug|Any CPU.Build.0 = Debug|Any CPU
		{1BF116B7-0BE8-4344-8072-D2681E7FFDF0}.Release|Any CPU.ActiveCfg = Release|Any CPU
		{1BF116B7-0BE8-4344-8072-D2681E7FFDF0}.Release|Any CPU.Build.0 = Release|Any CPU
	EndGlobalSection
	GlobalSection(SolutionProperties) = preSolution
		HideSolutionNode = FALSE
	EndGlobalSection
	GlobalSection(ExtensibilityGlobals) = postSolution
		SolutionGuid = {228D6B9D-56C8-4149-8345-06231C6FEE4B}
	EndGlobalSection
EndGlobal
